dependencies:
- name: jahangirzada-common
  repository: file://../../jahangirzada-common
  version: 0.1.0
- name: configserver
  repository: file://../../jahangirzada-services/configserver
  version: 0.1.0
- name: gatewayserver
  repository: file://../../jahangirzada-services/gatewayserver
  version: 0.1.0
- name: person
  repository: file://../../jahangirzada-services/person
  version: 0.1.0
- name: work
  repository: file://../../jahangirzada-services/work
  version: 0.1.0
digest: sha256:23b99d9c6d3c97c255932d14f0238dc2e3db643cd30195a20f4891fa3b72170d
generated: "2024-01-28T16:58:24.3561545+04:00"
